
Microsoft Visual Studio Solution File, Format Version 12.00
# Visual Studio Version 16
VisualStudioVersion = 16.0.30011.22
MinimumVisualStudioVersion = 10.0.40219.1
Project("{888888A0-9F3D-457C-B088-3A5042F75D52}") = "bokeh-ajax-tutorial", "bokeh-ajax-tutorial\bokeh-ajax-tutorial.pyproj", "{DB26441D-2F70-4FDC-B76B-8C6191B59994}"
EndProject
Global
	GlobalSection(SolutionConfigurationPlatforms) = preSolution
		Debug|Any CPU = Debug|Any CPU
		Release|Any CPU = Release|Any CPU
	EndGlobalSection
	GlobalSection(ProjectConfigurationPlatforms) = postSolution
		{DB26441D-2F70-4FDC-B76B-8C6191B59994}.Debug|Any CPU.ActiveCfg = Debug|Any CPU
		{DB26441D-2F70-4FDC-B76B-8C6191B59994}.Debug|Any CPU.Build.0 = Debug|Any CPU
		{DB26441D-2F70-4FDC-B76B-8C6191B59994}.Release|Any CPU.ActiveCfg = Release|Any CPU
		{DB26441D-2F70-4FDC-B76B-8C6191B59994}.Release|Any CPU.Build.0 = Release|Any CPU
	EndGlobalSection
	GlobalSection(SolutionProperties) = preSolution
		HideSolutionNode = FALSE
	EndGlobalSection
	GlobalSection(ExtensibilityGlobals) = postSolution
		SolutionGuid = {657783F8-8344-4117-A1EF-4D16DD29A9BC}
	EndGlobalSection
EndGlobal
